<?xml version="1.0" encoding="utf-8"?>
<Project ToolsVersion="4.0" xmlns="http://schemas.microsoft.com/developer/msbuild/2003">
  <ItemGroup>
    <Filter Include="Source Files">
      <UniqueIdentifier>{4FC737F1-C7A5-4376-A066-2A32D752A2FF}</UniqueIdentifier>
      <Extensions>cpp;c;cc;cxx;c++;cppm;ixx;def;odl;idl;hpj;bat;asm;asmx</Extensions>
    </Filter>
    <Filter Include="Header Files">
      <UniqueIdentifier>{93995380-89BD-4b04-88EB-625FBE52EBFB}</UniqueIdentifier>
      <Extensions>h;hh;hpp;hxx;h++;hm;inl;inc;ipp;xsd</Extensions>
    </Filter>
    <Filter Include="Header Files\Zydis">
      <UniqueIdentifier>{b85373f1-1f33-4b4f-aadd-04432b6d62f0}</UniqueIdentifier>
    </Filter>
    <Filter Include="Header Files\Zycore">
      <UniqueIdentifier>{f57dabfd-2fe1-46a9-96d5-990cd620eda3}</UniqueIdentifier>
    </Filter>
    <Filter Include="Header Files\Zydis\Generated">
      <UniqueIdentifier>{40b5c3d5-2a68-4f45-b655-b621ef669204}</UniqueIdentifier>
    </Filter>
    <Filter Include="Header Files\Zydis\Internal">
      <UniqueIdentifier>{4dc3025a-a1f4-460d-b992-1ed53e44f2c0}</UniqueIdentifier>
    </Filter>
    <Filter Include="Header Files\Zycore\API">
      <UniqueIdentifier>{a4d9e340-8f8c-4606-bce8-58b86119c829}</UniqueIdentifier>
    </Filter>
  </ItemGroup>
  <ItemGroup>
    <ClCompile Include="vm.cpp">
      <Filter>Source Files</Filter>
    </ClCompile>
    <ClCompile Include="vmutils.cpp">
      <Filter>Source Files</Filter>
    </ClCompile>
    <ClCompile Include="vmctx.cpp">
      <Filter>Source Files</Filter>
    </ClCompile>
  </ItemGroup>
  <ItemGroup>
    <ClInclude Include="..\include\transform.hpp">
      <Filter>Header Files</Filter>
    </ClInclude>
    <ClInclude Include="..\include\vm.h">
      <Filter>Header Files</Filter>
    </ClInclude>
    <ClInclude Include="..\include\vmctx.h">
      <Filter>Header Files</Filter>
    </ClInclude>
    <ClInclude Include="..\include\vmp2.hpp">
      <Filter>Header Files</Filter>
    </ClInclude>
    <ClInclude Include="..\include\vmprofiler.hpp">
      <Filter>Header Files</Filter>
    </ClInclude>
    <ClInclude Include="..\include\vmutils.h">
      <Filter>Header Files</Filter>
    </ClInclude>
    <ClInclude Include="..\dependencies\zydis\include\Zydis\Generated\EnumInstructionCategory.h">
      <Filter>Header Files\Zydis\Generated</Filter>
    </ClInclude>
    <ClInclude Include="..\dependencies\zydis\include\Zydis\Generated\EnumISAExt.h">
      <Filter>Header Files\Zydis\Generated</Filter>
    </ClInclude>
    <ClInclude Include="..\dependencies\zydis\include\Zydis\Generated\EnumISASet.h">
      <Filter>Header Files\Zydis\Generated</Filter>
    </ClInclude>
    <ClInclude Include="..\dependencies\zydis\include\Zydis\Generated\EnumMnemonic.h">
      <Filter>Header Files\Zydis\Generated</Filter>
    </ClInclude>
    <ClInclude Include="..\dependencies\zydis\include\Zydis\Generated\EnumRegister.h">
      <Filter>Header Files\Zydis\Generated</Filter>
    </ClInclude>
    <ClInclude Include="..\dependencies\zydis\include\Zydis\Internal\DecoderData.h">
      <Filter>Header Files\Zydis\Internal</Filter>
    </ClInclude>
    <ClInclude Include="..\dependencies\zydis\include\Zydis\Internal\FormatterATT.h">
      <Filter>Header Files\Zydis\Internal</Filter>
    </ClInclude>
    <ClInclude Include="..\dependencies\zydis\include\Zydis\Internal\FormatterBase.h">
      <Filter>Header Files\Zydis\Internal</Filter>
    </ClInclude>
    <ClInclude Include="..\dependencies\zydis\include\Zydis\Internal\FormatterIntel.h">
      <Filter>Header Files\Zydis\Internal</Filter>
    </ClInclude>
    <ClInclude Include="..\dependencies\zydis\include\Zydis\Internal\SharedData.h">
      <Filter>Header Files\Zydis\Internal</Filter>
    </ClInclude>
    <ClInclude Include="..\dependencies\zydis\include\Zydis\Internal\String.h">
      <Filter>Header Files\Zydis\Internal</Filter>
    </ClInclude>
    <ClInclude Include="..\dependencies\zydis\include\Zydis\Decoder.h">
      <Filter>Header Files\Zydis</Filter>
    </ClInclude>
    <ClInclude Include="..\dependencies\zydis\include\Zydis\DecoderTypes.h">
      <Filter>Header Files\Zydis</Filter>
    </ClInclude>
    <ClInclude Include="..\dependencies\zydis\include\Zydis\Formatter.h">
      <Filter>Header Files\Zydis</Filter>
    </ClInclude>
    <ClInclude Include="..\dependencies\zydis\include\Zydis\FormatterBuffer.h">
      <Filter>Header Files\Zydis</Filter>
    </ClInclude>
    <ClInclude Include="..\dependencies\zydis\include\Zydis\MetaInfo.h">
      <Filter>Header Files\Zydis</Filter>
    </ClInclude>
    <ClInclude Include="..\dependencies\zydis\include\Zydis\Mnemonic.h">
      <Filter>Header Files\Zydis</Filter>
    </ClInclude>
    <ClInclude Include="..\dependencies\zydis\include\Zydis\Register.h">
      <Filter>Header Files\Zydis</Filter>
    </ClInclude>
    <ClInclude Include="..\dependencies\zydis\include\Zydis\SharedTypes.h">
      <Filter>Header Files\Zydis</Filter>
    </ClInclude>
    <ClInclude Include="..\dependencies\zydis\include\Zydis\ShortString.h">
      <Filter>Header Files\Zydis</Filter>
    </ClInclude>
    <ClInclude Include="..\dependencies\zydis\include\Zydis\Status.h">
      <Filter>Header Files\Zydis</Filter>
    </ClInclude>
    <ClInclude Include="..\dependencies\zydis\include\Zydis\Utils.h">
      <Filter>Header Files\Zydis</Filter>
    </ClInclude>
    <ClInclude Include="..\dependencies\zydis\include\Zydis\Zydis.h">
      <Filter>Header Files\Zydis</Filter>
    </ClInclude>
    <ClInclude Include="..\dependencies\zydis\dependencies\zycore\include\Zycore\API\Memory.h">
      <Filter>Header Files\Zycore\API</Filter>
    </ClInclude>
    <ClInclude Include="..\dependencies\zydis\dependencies\zycore\include\Zycore\API\Synchronization.h">
      <Filter>Header Files\Zycore\API</Filter>
    </ClInclude>
    <ClInclude Include="..\dependencies\zydis\dependencies\zycore\include\Zycore\API\Terminal.h">
      <Filter>Header Files\Zycore\API</Filter>
    </ClInclude>
    <ClInclude Include="..\dependencies\zydis\dependencies\zycore\include\Zycore\API\Thread.h">
      <Filter>Header Files\Zycore\API</Filter>
    </ClInclude>
    <ClInclude Include="..\dependencies\zydis\dependencies\zycore\include\Zycore\Allocator.h">
      <Filter>Header Files\Zycore</Filter>
    </ClInclude>
    <ClInclude Include="..\dependencies\zydis\dependencies\zycore\include\Zycore\ArgParse.h">
      <Filter>Header Files\Zycore</Filter>
    </ClInclude>
    <ClInclude Include="..\dependencies\zydis\dependencies\zycore\include\Zycore\Bitset.h">
      <Filter>Header Files\Zycore</Filter>
    </ClInclude>
    <ClInclude Include="..\dependencies\zydis\dependencies\zycore\include\Zycore\Comparison.h">
      <Filter>Header Files\Zycore</Filter>
    </ClInclude>
    <ClInclude Include="..\dependencies\zydis\dependencies\zycore\include\Zycore\Defines.h">
      <Filter>Header Files\Zycore</Filter>
    </ClInclude>
    <ClInclude Include="..\dependencies\zydis\dependencies\zycore\include\Zycore\Format.h">
      <Filter>Header Files\Zycore</Filter>
    </ClInclude>
    <ClInclude Include="..\dependencies\zydis\dependencies\zycore\include\Zycore\LibC.h">
      <Filter>Header Files\Zycore</Filter>
    </ClInclude>
    <ClInclude Include="..\dependencies\zydis\dependencies\zycore\include\Zycore\List.h">
      <Filter>Header Files\Zycore</Filter>
    </ClInclude>
    <ClInclude Include="..\dependencies\zydis\dependencies\zycore\include\Zycore\Object.h">
      <Filter>Header Files\Zycore</Filter>
    </ClInclude>
    <ClInclude Include="..\dependencies\zydis\dependencies\zycore\include\Zycore\Status.h">
      <Filter>Header Files\Zycore</Filter>
    </ClInclude>
    <ClInclude Include="..\dependencies\zydis\dependencies\zycore\include\Zycore\String.h">
      <Filter>Header Files\Zycore</Filter>
    </ClInclude>
    <ClInclude Include="..\dependencies\zydis\dependencies\zycore\include\Zycore\Types.h">
      <Filter>Header Files\Zycore</Filter>
    </ClInclude>
    <ClInclude Include="..\dependencies\zydis\dependencies\zycore\include\Zycore\Vector.h">
      <Filter>Header Files\Zycore</Filter>
    </ClInclude>
    <ClInclude Include="..\dependencies\zydis\dependencies\zycore\include\Zycore\Zycore.h">
      <Filter>Header Files\Zycore</Filter>
    </ClInclude>
    <ClInclude Include="..\dependencies\zydis\msvc\ZycoreExportConfig.h">
      <Filter>Header Files</Filter>
    </ClInclude>
    <ClInclude Include="..\dependencies\zydis\msvc\ZydisExportConfig.h">
      <Filter>Header Files</Filter>
    </ClInclude>
  </ItemGroup>
</Project>